
Microsoft Visual Studio Solution File, Format Version 12.00
# Visual Studio Version 16
VisualStudioVersion = 16.0.29613.14
MinimumVisualStudioVersion = 10.0.40219.1
Project("{FAE04EC0-301F-11D3-BF4B-00C04F79EFBC}") = "Server", "ServerNew\Server.csproj", "{981DAF60-F7C1-4E5B-A7BC-D1A1936DA853}"
EndProject
Global
	GlobalSection(SolutionConfigurationPlatforms) = preSolution
		Debug|Any CPU = Debug|Any CPU
		Release|Any CPU = Release|Any CPU
	EndGlobalSection
	GlobalSection(ProjectConfigurationPlatforms) = postSolution
		{981DAF60-F7C1-4E5B-A7BC-D1A1936DA853}.Debug|Any CPU.ActiveCfg = Debug|Any CPU
		{981DAF60-F7C1-4E5B-A7BC-D1A1936DA853}.Debug|Any CPU.Build.0 = Debug|Any CPU
		{981DAF60-F7C1-4E5B-A7BC-D1A1936DA853}.Release|Any CPU.ActiveCfg = Release|Any CPU
		{981DAF60-F7C1-4E5B-A7BC-D1A1936DA853}.Release|Any CPU.Build.0 = Release|Any CPU
	EndGlobalSection
	GlobalSection(SolutionProperties) = preSolution
		HideSolutionNode = FALSE
	EndGlobalSection
	GlobalSection(ExtensibilityGlobals) = postSolution
		SolutionGuid = {B41DDD55-55EC-402A-9494-939BBE97F104}
	EndGlobalSection
EndGlobal
